
Microsoft Visual Studio Solution File, Format Version 12.00
# Visual Studio 2013
VisualStudioVersion = 12.0.21005.1
MinimumVisualStudioVersion = 10.0.40219.1
Project("{FAE04EC0-301F-11D3-BF4B-00C04F79EFBC}") = "SportsStore.WebUI", "SportsStore.WebUI\SportsStore.WebUI.csproj", "{90F45BD7-0375-499C-9242-106F342A2F40}"
EndProject
Project("{FAE04EC0-301F-11D3-BF4B-00C04F79EFBC}") = "SportsStore.Domain", "SportsStore.Domain\SportsStore.Domain.csproj", "{CAB7B82A-34B8-4B49-875A-5B91188CD638}"
EndProject
Project("{FAE04EC0-301F-11D3-BF4B-00C04F79EFBC}") = "SportsStore.UnitTests", "SportsStore.UnitTests\SportsStore.UnitTests.csproj", "{96A51812-A92C-44F3-9F00-548011E138A0}"
EndProject
Global
	GlobalSection(SolutionConfigurationPlatforms) = preSolution
		Debug|Any CPU = Debug|Any CPU
		Release|Any CPU = Release|Any CPU
	EndGlobalSection
	GlobalSection(ProjectConfigurationPlatforms) = postSolution
		{90F45BD7-0375-499C-9242-106F342A2F40}.Debug|Any CPU.ActiveCfg = Debug|Any CPU
		{90F45BD7-0375-499C-9242-106F342A2F40}.Debug|Any CPU.Build.0 = Debug|Any CPU
		{90F45BD7-0375-499C-9242-106F342A2F40}.Release|Any CPU.ActiveCfg = Release|Any CPU
		{90F45BD7-0375-499C-9242-106F342A2F40}.Release|Any CPU.Build.0 = Release|Any CPU
		{CAB7B82A-34B8-4B49-875A-5B91188CD638}.Debug|Any CPU.ActiveCfg = Debug|Any CPU
		{CAB7B82A-34B8-4B49-875A-5B91188CD638}.Debug|Any CPU.Build.0 = Debug|Any CPU
		{CAB7B82A-34B8-4B49-875A-5B91188CD638}.Release|Any CPU.ActiveCfg = Release|Any CPU
		{CAB7B82A-34B8-4B49-875A-5B91188CD638}.Release|Any CPU.Build.0 = Release|Any CPU
		{96A51812-A92C-44F3-9F00-548011E138A0}.Debug|Any CPU.ActiveCfg = Debug|Any CPU
		{96A51812-A92C-44F3-9F00-548011E138A0}.Debug|Any CPU.Build.0 = Debug|Any CPU
		{96A51812-A92C-44F3-9F00-548011E138A0}.Release|Any CPU.ActiveCfg = Release|Any CPU
		{96A51812-A92C-44F3-9F00-548011E138A0}.Release|Any CPU.Build.0 = Release|Any CPU
	EndGlobalSection
	GlobalSection(SolutionProperties) = preSolution
		HideSolutionNode = FALSE
	EndGlobalSection
EndGlobal
